# This file is automatically @generated by Cargo.
# It is not intended for manual editing.
version = 4

[[package]]
name = "mirsa"
version = "0.2.0"
dependencies = [
 "mirsa-core",
 "mirsa-domains",
]

[[package]]
name = "mirsa-core"
version = "0.2.0"

[[package]]
name = "mirsa-domains"
version = "0.2.0"
dependencies = [
 "mirsa-core",
]

[[package]]
name = "mirsa-driver"
version = "0.1.0"
dependencies = [
 "mirsa-core",
 "mirsa-domains",
]
