# This file is automatically @generated by Cargo.
# It is not intended for manual editing.
version = 4

[[package]]
name = "core"
version = "0.1.0"

[[package]]
name = "domains"
version = "0.1.0"
dependencies = [
 "core",
]

[[package]]
name = "driver"
version = "0.1.0"
dependencies = [
 "core",
 "domains",
]

[[package]]
name = "mirsa"
version = "0.1.0"
