# This file is automatically @generated by Cargo.
# It is not intended for manual editing.
version = 4

[[package]]
name = "mirsa"
version = "0.2.3"
dependencies = [
 "mirsa-analysis",
 "mirsa-contracts",
 "mirsa-core",
 "mirsa-domains",
 "mirsa-framework",
 "mirsa-relations",
]

[[package]]
name = "mirsa-analysis"
version = "0.2.3"
dependencies = [
 "mirsa-contracts",
 "mirsa-core",
 "mirsa-domains",
 "mirsa-framework",
 "mirsa-relations",
]

[[package]]
name = "mirsa-contracts"
version = "0.2.3"
dependencies = [
 "mirsa-domains",
 "mirsa-framework",
 "mirsa-relations",
]

[[package]]
name = "mirsa-core"
version = "0.2.3"

[[package]]
name = "mirsa-domains"
version = "0.2.3"
dependencies = [
 "mirsa-framework",
 "mirsa-relations",
]

[[package]]
name = "mirsa-driver"
version = "0.2.3"
dependencies = [
 "mirsa-analysis",
 "mirsa-core",
]

[[package]]
name = "mirsa-framework"
version = "0.2.3"
dependencies = [
 "mirsa-core",
]

[[package]]
name = "mirsa-relations"
version = "0.2.3"
dependencies = [
 "mirsa-framework",
]
